
Microsoft Visual Studio Solution File, Format Version 12.00
# Visual Studio 15
VisualStudioVersion = 15.0.27703.2000
MinimumVisualStudioVersion = 10.0.40219.1
Project("{FAE04EC0-301F-11D3-BF4B-00C04F79EFBC}") = "EdX Cs OOP", "EdX Cs OOP\EdX Cs OOP.csproj", "{20449AD5-593C-4782-990D-80F5C9AE1E88}"
EndProject
Global
	GlobalSection(SolutionConfigurationPlatforms) = preSolution
		Debug|Any CPU = Debug|Any CPU
		Release|Any CPU = Release|Any CPU
	EndGlobalSection
	GlobalSection(ProjectConfigurationPlatforms) = postSolution
		{20449AD5-593C-4782-990D-80F5C9AE1E88}.Debug|Any CPU.ActiveCfg = Debug|Any CPU
		{20449AD5-593C-4782-990D-80F5C9AE1E88}.Debug|Any CPU.Build.0 = Debug|Any CPU
		{20449AD5-593C-4782-990D-80F5C9AE1E88}.Release|Any CPU.ActiveCfg = Release|Any CPU
		{20449AD5-593C-4782-990D-80F5C9AE1E88}.Release|Any CPU.Build.0 = Release|Any CPU
	EndGlobalSection
	GlobalSection(SolutionProperties) = preSolution
		HideSolutionNode = FALSE
	EndGlobalSection
	GlobalSection(ExtensibilityGlobals) = postSolution
		SolutionGuid = {85970643-5E16-42CF-91FB-2221B0D5C603}
	EndGlobalSection
EndGlobal
