
Microsoft Visual Studio Solution File, Format Version 12.00
# Visual Studio 15
VisualStudioVersion = 15.0.27703.2000
MinimumVisualStudioVersion = 10.0.40219.1
Project("{FAE04EC0-301F-11D3-BF4B-00C04F79EFBC}") = "Mod3_Lab1", "Mod3_Lab1\Mod3_Lab1.csproj", "{67D9685C-104E-4F60-8A66-BF4C88B95A6E}"
EndProject
Global
	GlobalSection(SolutionConfigurationPlatforms) = preSolution
		Debug|Any CPU = Debug|Any CPU
		Release|Any CPU = Release|Any CPU
	EndGlobalSection
	GlobalSection(ProjectConfigurationPlatforms) = postSolution
		{67D9685C-104E-4F60-8A66-BF4C88B95A6E}.Debug|Any CPU.ActiveCfg = Debug|Any CPU
		{67D9685C-104E-4F60-8A66-BF4C88B95A6E}.Debug|Any CPU.Build.0 = Debug|Any CPU
		{67D9685C-104E-4F60-8A66-BF4C88B95A6E}.Release|Any CPU.ActiveCfg = Release|Any CPU
		{67D9685C-104E-4F60-8A66-BF4C88B95A6E}.Release|Any CPU.Build.0 = Release|Any CPU
	EndGlobalSection
	GlobalSection(SolutionProperties) = preSolution
		HideSolutionNode = FALSE
	EndGlobalSection
	GlobalSection(ExtensibilityGlobals) = postSolution
		SolutionGuid = {F0F86D76-1EFD-47D7-AD15-BFC728AFBF23}
	EndGlobalSection
EndGlobal
